
Microsoft Visual Studio Solution File, Format Version 12.00
# Visual Studio 2013
VisualStudioVersion = 12.0.31101.0
MinimumVisualStudioVersion = 10.0.40219.1
Project("{FAE04EC0-301F-11D3-BF4B-00C04F79EFBC}") = "WpfApplication1", "WpfApplication1\WpfApplication1.csproj", "{A5737D63-B271-4FB9-A47D-1BBAC651B934}"
EndProject
Project("{2150E333-8FDC-42A3-9474-1A3956D46DE8}") = "MainWindow", "MainWindow", "{8575EFEC-0A30-41CE-A3FD-519A9BB0484A}"
	ProjectSection(SolutionItems) = preProject
		WpfApplication1\MainWindow.xaml = WpfApplication1\MainWindow.xaml
		WpfApplication1\MainWindow.xaml.cs = WpfApplication1\MainWindow.xaml.cs
		WpfApplication1\ModManager.cs = WpfApplication1\ModManager.cs
		WpfApplication1\ModViewModel.cs = WpfApplication1\ModViewModel.cs
	EndProjectSection
EndProject
Global
	GlobalSection(SolutionConfigurationPlatforms) = preSolution
		Debug|Any CPU = Debug|Any CPU
		Release|Any CPU = Release|Any CPU
	EndGlobalSection
	GlobalSection(ProjectConfigurationPlatforms) = postSolution
		{A5737D63-B271-4FB9-A47D-1BBAC651B934}.Debug|Any CPU.ActiveCfg = Debug|Any CPU
		{A5737D63-B271-4FB9-A47D-1BBAC651B934}.Debug|Any CPU.Build.0 = Debug|Any CPU
		{A5737D63-B271-4FB9-A47D-1BBAC651B934}.Release|Any CPU.ActiveCfg = Release|Any CPU
		{A5737D63-B271-4FB9-A47D-1BBAC651B934}.Release|Any CPU.Build.0 = Release|Any CPU
	EndGlobalSection
	GlobalSection(SolutionProperties) = preSolution
		HideSolutionNode = FALSE
	EndGlobalSection
EndGlobal
